
Microsoft Visual Studio Solution File, Format Version 12.00
# Visual Studio Version 16
VisualStudioVersion = 16.0.29418.71
MinimumVisualStudioVersion = 10.0.40219.1
Project("{FAE04EC0-301F-11D3-BF4B-00C04F79EFBC}") = "ConsoleUI", "ConsoleUI\ConsoleUI.csproj", "{E79226A5-E690-44E3-8B2F-CBE08A6ED412}"
EndProject
Project("{FAE04EC0-301F-11D3-BF4B-00C04F79EFBC}") = "SlurryReactor", "SlurryReactor\SlurryReactor.csproj", "{910A1231-BCAE-4D7C-9B98-010387E094E8}"
EndProject
Project("{FAE04EC0-301F-11D3-BF4B-00C04F79EFBC}") = "Common", "Common\Common.csproj", "{D03974B8-CEE0-4D41-9B67-F8F37CFA19BE}"
EndProject
Project("{FAE04EC0-301F-11D3-BF4B-00C04F79EFBC}") = "SlurryReactorUI", "UI\SlurryReactorUI.csproj", "{0D655047-D4C9-428B-9CF9-B4D695C5F589}"
EndProject
Project("{FAE04EC0-301F-11D3-BF4B-00C04F79EFBC}") = "TemperatureControlUI", "TemperatureControlUI\TemperatureControlUI.csproj", "{26DD2A43-8244-4300-B27C-78A60CD03AA8}"
EndProject
Project("{FAE04EC0-301F-11D3-BF4B-00C04F79EFBC}") = "FisherTropchTemperatureControl", "FisherTropchTemperatureControl\FisherTropchTemperatureControl.csproj", "{903BA082-D5B5-4DD4-9867-8B7597E5839F}"
EndProject
Global
	GlobalSection(SolutionConfigurationPlatforms) = preSolution
		Debug|Any CPU = Debug|Any CPU
		Release|Any CPU = Release|Any CPU
	EndGlobalSection
	GlobalSection(ProjectConfigurationPlatforms) = postSolution
		{E79226A5-E690-44E3-8B2F-CBE08A6ED412}.Debug|Any CPU.ActiveCfg = Debug|Any CPU
		{E79226A5-E690-44E3-8B2F-CBE08A6ED412}.Debug|Any CPU.Build.0 = Debug|Any CPU
		{E79226A5-E690-44E3-8B2F-CBE08A6ED412}.Release|Any CPU.ActiveCfg = Release|Any CPU
		{E79226A5-E690-44E3-8B2F-CBE08A6ED412}.Release|Any CPU.Build.0 = Release|Any CPU
		{910A1231-BCAE-4D7C-9B98-010387E094E8}.Debug|Any CPU.ActiveCfg = Debug|Any CPU
		{910A1231-BCAE-4D7C-9B98-010387E094E8}.Debug|Any CPU.Build.0 = Debug|Any CPU
		{910A1231-BCAE-4D7C-9B98-010387E094E8}.Release|Any CPU.ActiveCfg = Release|Any CPU
		{910A1231-BCAE-4D7C-9B98-010387E094E8}.Release|Any CPU.Build.0 = Release|Any CPU
		{D03974B8-CEE0-4D41-9B67-F8F37CFA19BE}.Debug|Any CPU.ActiveCfg = Debug|Any CPU
		{D03974B8-CEE0-4D41-9B67-F8F37CFA19BE}.Debug|Any CPU.Build.0 = Debug|Any CPU
		{D03974B8-CEE0-4D41-9B67-F8F37CFA19BE}.Release|Any CPU.ActiveCfg = Release|Any CPU
		{D03974B8-CEE0-4D41-9B67-F8F37CFA19BE}.Release|Any CPU.Build.0 = Release|Any CPU
		{0D655047-D4C9-428B-9CF9-B4D695C5F589}.Debug|Any CPU.ActiveCfg = Debug|Any CPU
		{0D655047-D4C9-428B-9CF9-B4D695C5F589}.Debug|Any CPU.Build.0 = Debug|Any CPU
		{0D655047-D4C9-428B-9CF9-B4D695C5F589}.Release|Any CPU.ActiveCfg = Release|Any CPU
		{0D655047-D4C9-428B-9CF9-B4D695C5F589}.Release|Any CPU.Build.0 = Release|Any CPU
		{26DD2A43-8244-4300-B27C-78A60CD03AA8}.Debug|Any CPU.ActiveCfg = Debug|Any CPU
		{26DD2A43-8244-4300-B27C-78A60CD03AA8}.Debug|Any CPU.Build.0 = Debug|Any CPU
		{26DD2A43-8244-4300-B27C-78A60CD03AA8}.Release|Any CPU.ActiveCfg = Release|Any CPU
		{26DD2A43-8244-4300-B27C-78A60CD03AA8}.Release|Any CPU.Build.0 = Release|Any CPU
		{903BA082-D5B5-4DD4-9867-8B7597E5839F}.Debug|Any CPU.ActiveCfg = Debug|Any CPU
		{903BA082-D5B5-4DD4-9867-8B7597E5839F}.Debug|Any CPU.Build.0 = Debug|Any CPU
		{903BA082-D5B5-4DD4-9867-8B7597E5839F}.Release|Any CPU.ActiveCfg = Release|Any CPU
		{903BA082-D5B5-4DD4-9867-8B7597E5839F}.Release|Any CPU.Build.0 = Release|Any CPU
	EndGlobalSection
	GlobalSection(SolutionProperties) = preSolution
		HideSolutionNode = FALSE
	EndGlobalSection
	GlobalSection(ExtensibilityGlobals) = postSolution
		SolutionGuid = {A8EFCF64-9FAD-48CA-A3AF-F1FE8F29EE2A}
	EndGlobalSection
EndGlobal
